PODS:
  - Alamofire (5.4.1)
  - Mocker (2.2.0)
  - SwiftLint (0.43.1)
  - Swinject (2.7.1)

DEPENDENCIES:
  - Alamofire (~> 5.2)
  - Mocker (~> 2.2.0)
  - SwiftLint
  - Swinject

SPEC REPOS:
  trunk:
    - Alamofire
    - Mocker
    - SwiftLint
    - Swinject

SPEC CHECKSUMS:
  Alamofire: 2291f7d21ca607c491dd17642e5d40fdcda0e65c
  Mocker: d0ceb340eddd5c28539a691ce67d068674cef9a0
  SwiftLint: 99f82d07b837b942dd563c668de129a03fc3fb52
  Swinject: ddf78b8486dd9b71a667b852cad919ab4484478e

PODFILE CHECKSUM: 2032d80058a97d1a3b2a429b820247d94530be6d

COCOAPODS: 1.10.1
